
Microsoft Visual Studio Solution File, Format Version 12.00
# Visual Studio Version 16
VisualStudioVersion = 16.0.29613.14
MinimumVisualStudioVersion = 10.0.40219.1
Project("{9A19103F-16F7-4668-BE54-9A1E7A4F7556}") = "UnitTests", "UnitTests\UnitTests.csproj", "{5FEF5078-7138-4D62-A4E4-9E55CFD99821}"
EndProject
Project("{9A19103F-16F7-4668-BE54-9A1E7A4F7556}") = "DataReaderParser", "DataReaderParser\DataReaderParser.csproj", "{7953C29C-670F-4D0B-8D86-2614E6E989C4}"
EndProject
Global
	GlobalSection(SolutionConfigurationPlatforms) = preSolution
		Debug|Any CPU = Debug|Any CPU
		Release|Any CPU = Release|Any CPU
	EndGlobalSection
	GlobalSection(ProjectConfigurationPlatforms) = postSolution
		{5FEF5078-7138-4D62-A4E4-9E55CFD99821}.Debug|Any CPU.ActiveCfg = Debug|Any CPU
		{5FEF5078-7138-4D62-A4E4-9E55CFD99821}.Debug|Any CPU.Build.0 = Debug|Any CPU
		{5FEF5078-7138-4D62-A4E4-9E55CFD99821}.Release|Any CPU.ActiveCfg = Release|Any CPU
		{5FEF5078-7138-4D62-A4E4-9E55CFD99821}.Release|Any CPU.Build.0 = Release|Any CPU
		{7953C29C-670F-4D0B-8D86-2614E6E989C4}.Debug|Any CPU.ActiveCfg = Debug|Any CPU
		{7953C29C-670F-4D0B-8D86-2614E6E989C4}.Debug|Any CPU.Build.0 = Debug|Any CPU
		{7953C29C-670F-4D0B-8D86-2614E6E989C4}.Release|Any CPU.ActiveCfg = Release|Any CPU
		{7953C29C-670F-4D0B-8D86-2614E6E989C4}.Release|Any CPU.Build.0 = Release|Any CPU
	EndGlobalSection
	GlobalSection(SolutionProperties) = preSolution
		HideSolutionNode = FALSE
	EndGlobalSection
	GlobalSection(ExtensibilityGlobals) = postSolution
		SolutionGuid = {CCA3DA40-F0BA-4D01-95E6-C20D18E57CD7}
	EndGlobalSection
EndGlobal
